
Microsoft Visual Studio Solution File, Format Version 12.00
# Visual Studio Version 16
VisualStudioVersion = 16.0.29613.14
MinimumVisualStudioVersion = 15.0.26124.0
Project("{2150E333-8FDC-42A3-9474-1A3956D46DE8}") = "src", "src", "{447085A4-6685-48EA-A566-B2895CBD2564}"
EndProject
Project("{9A19103F-16F7-4668-BE54-9A1E7A4F7556}") = "IdentityServer", "src\IdentityServer\IdentityServer.csproj", "{B03D8130-7D08-491C-8808-F44A92239293}"
EndProject
Project("{9A19103F-16F7-4668-BE54-9A1E7A4F7556}") = "Api", "src\Api\Api.csproj", "{B247748A-185F-455F-B293-86EB9B42C75D}"
EndProject
Project("{9A19103F-16F7-4668-BE54-9A1E7A4F7556}") = "Client", "src\Client\Client.csproj", "{ED081759-D5EC-400A-AE61-3AE1C784011E}"
EndProject
Project("{FAE04EC0-301F-11D3-BF4B-00C04F79EFBC}") = "MvcClient", "src\MvcClient\MvcClient.csproj", "{C597F7F3-04FA-4034-98D6-39B1705CA20E}"
EndProject
Global
	GlobalSection(SolutionConfigurationPlatforms) = preSolution
		Debug|Any CPU = Debug|Any CPU
		Debug|x64 = Debug|x64
		Debug|x86 = Debug|x86
		Release|Any CPU = Release|Any CPU
		Release|x64 = Release|x64
		Release|x86 = Release|x86
	EndGlobalSection
	GlobalSection(ProjectConfigurationPlatforms) = postSolution
		{B03D8130-7D08-491C-8808-F44A92239293}.Debug|Any CPU.ActiveCfg = Debug|Any CPU
		{B03D8130-7D08-491C-8808-F44A92239293}.Debug|Any CPU.Build.0 = Debug|Any CPU
		{B03D8130-7D08-491C-8808-F44A92239293}.Debug|x64.ActiveCfg = Debug|Any CPU
		{B03D8130-7D08-491C-8808-F44A92239293}.Debug|x64.Build.0 = Debug|Any CPU
		{B03D8130-7D08-491C-8808-F44A92239293}.Debug|x86.ActiveCfg = Debug|Any CPU
		{B03D8130-7D08-491C-8808-F44A92239293}.Debug|x86.Build.0 = Debug|Any CPU
		{B03D8130-7D08-491C-8808-F44A92239293}.Release|Any CPU.ActiveCfg = Release|Any CPU
		{B03D8130-7D08-491C-8808-F44A92239293}.Release|Any CPU.Build.0 = Release|Any CPU
		{B03D8130-7D08-491C-8808-F44A92239293}.Release|x64.ActiveCfg = Release|Any CPU
		{B03D8130-7D08-491C-8808-F44A92239293}.Release|x64.Build.0 = Release|Any CPU
		{B03D8130-7D08-491C-8808-F44A92239293}.Release|x86.ActiveCfg = Release|Any CPU
		{B03D8130-7D08-491C-8808-F44A92239293}.Release|x86.Build.0 = Release|Any CPU
		{B247748A-185F-455F-B293-86EB9B42C75D}.Debug|Any CPU.ActiveCfg = Debug|Any CPU
		{B247748A-185F-455F-B293-86EB9B42C75D}.Debug|Any CPU.Build.0 = Debug|Any CPU
		{B247748A-185F-455F-B293-86EB9B42C75D}.Debug|x64.ActiveCfg = Debug|Any CPU
		{B247748A-185F-455F-B293-86EB9B42C75D}.Debug|x64.Build.0 = Debug|Any CPU
		{B247748A-185F-455F-B293-86EB9B42C75D}.Debug|x86.ActiveCfg = Debug|Any CPU
		{B247748A-185F-455F-B293-86EB9B42C75D}.Debug|x86.Build.0 = Debug|Any CPU
		{B247748A-185F-455F-B293-86EB9B42C75D}.Release|Any CPU.ActiveCfg = Release|Any CPU
		{B247748A-185F-455F-B293-86EB9B42C75D}.Release|Any CPU.Build.0 = Release|Any CPU
		{B247748A-185F-455F-B293-86EB9B42C75D}.Release|x64.ActiveCfg = Release|Any CPU
		{B247748A-185F-455F-B293-86EB9B42C75D}.Release|x64.Build.0 = Release|Any CPU
		{B247748A-185F-455F-B293-86EB9B42C75D}.Release|x86.ActiveCfg = Release|Any CPU
		{B247748A-185F-455F-B293-86EB9B42C75D}.Release|x86.Build.0 = Release|Any CPU
		{ED081759-D5EC-400A-AE61-3AE1C784011E}.Debug|Any CPU.ActiveCfg = Debug|Any CPU
		{ED081759-D5EC-400A-AE61-3AE1C784011E}.Debug|Any CPU.Build.0 = Debug|Any CPU
		{ED081759-D5EC-400A-AE61-3AE1C784011E}.Debug|x64.ActiveCfg = Debug|Any CPU
		{ED081759-D5EC-400A-AE61-3AE1C784011E}.Debug|x64.Build.0 = Debug|Any CPU
		{ED081759-D5EC-400A-AE61-3AE1C784011E}.Debug|x86.ActiveCfg = Debug|Any CPU
		{ED081759-D5EC-400A-AE61-3AE1C784011E}.Debug|x86.Build.0 = Debug|Any CPU
		{ED081759-D5EC-400A-AE61-3AE1C784011E}.Release|Any CPU.ActiveCfg = Release|Any CPU
		{ED081759-D5EC-400A-AE61-3AE1C784011E}.Release|Any CPU.Build.0 = Release|Any CPU
		{ED081759-D5EC-400A-AE61-3AE1C784011E}.Release|x64.ActiveCfg = Release|Any CPU
		{ED081759-D5EC-400A-AE61-3AE1C784011E}.Release|x64.Build.0 = Release|Any CPU
		{ED081759-D5EC-400A-AE61-3AE1C784011E}.Release|x86.ActiveCfg = Release|Any CPU
		{ED081759-D5EC-400A-AE61-3AE1C784011E}.Release|x86.Build.0 = Release|Any CPU
		{C597F7F3-04FA-4034-98D6-39B1705CA20E}.Debug|Any CPU.ActiveCfg = Debug|Any CPU
		{C597F7F3-04FA-4034-98D6-39B1705CA20E}.Debug|Any CPU.Build.0 = Debug|Any CPU
		{C597F7F3-04FA-4034-98D6-39B1705CA20E}.Debug|x64.ActiveCfg = Debug|Any CPU
		{C597F7F3-04FA-4034-98D6-39B1705CA20E}.Debug|x64.Build.0 = Debug|Any CPU
		{C597F7F3-04FA-4034-98D6-39B1705CA20E}.Debug|x86.ActiveCfg = Debug|Any CPU
		{C597F7F3-04FA-4034-98D6-39B1705CA20E}.Debug|x86.Build.0 = Debug|Any CPU
		{C597F7F3-04FA-4034-98D6-39B1705CA20E}.Release|Any CPU.ActiveCfg = Release|Any CPU
		{C597F7F3-04FA-4034-98D6-39B1705CA20E}.Release|Any CPU.Build.0 = Release|Any CPU
		{C597F7F3-04FA-4034-98D6-39B1705CA20E}.Release|x64.ActiveCfg = Release|Any CPU
		{C597F7F3-04FA-4034-98D6-39B1705CA20E}.Release|x64.Build.0 = Release|Any CPU
		{C597F7F3-04FA-4034-98D6-39B1705CA20E}.Release|x86.ActiveCfg = Release|Any CPU
		{C597F7F3-04FA-4034-98D6-39B1705CA20E}.Release|x86.Build.0 = Release|Any CPU
	EndGlobalSection
	GlobalSection(SolutionProperties) = preSolution
		HideSolutionNode = FALSE
	EndGlobalSection
	GlobalSection(NestedProjects) = preSolution
		{B03D8130-7D08-491C-8808-F44A92239293} = {447085A4-6685-48EA-A566-B2895CBD2564}
		{B247748A-185F-455F-B293-86EB9B42C75D} = {447085A4-6685-48EA-A566-B2895CBD2564}
		{ED081759-D5EC-400A-AE61-3AE1C784011E} = {447085A4-6685-48EA-A566-B2895CBD2564}
		{C597F7F3-04FA-4034-98D6-39B1705CA20E} = {447085A4-6685-48EA-A566-B2895CBD2564}
	EndGlobalSection
	GlobalSection(ExtensibilityGlobals) = postSolution
		SolutionGuid = {E71263EC-E340-4B20-93A9-2A411D3EDF4B}
	EndGlobalSection
EndGlobal
